{
  "lockfile_version": 1,
  "os": "Windows 11 x64 (build 26100)",
  "r_version": "R version 4.5.1 (2025-06-13 ucrt)",
  "platform": "x86_64-w64-mingw32",
  "packages": [
    {
      "ref": "deps::.",
      "package": "ees-screener-api-deps",
      "version": "0.1.0",
      "type": "deps",
      "direct": true,
      "binary": false,
      "dependencies": ["plumber", "AzureStor"],
      "vignettes": false,
      "metadata": {
        "RemotePkgRef": "deps::.",
        "RemoteType": "deps"
      },
      "sources": [],
      "target": "src/contrib/ees-screener-api-deps_0.1.0.tar.gz",
      "platform": "source",
      "rversion": "*",
      "directpkg": true,
      "license": "MIT",
      "dep_types": ["Depends", "Imports", "LinkingTo"],
      "params": [],
      "install_args": "--no-multiarch",
      "sysreqs": ""
    },
    {
      "ref": "AzureAuth",
      "package": "AzureAuth",
      "version": "1.3.3",
      "type": "standard",
      "direct": false,
      "binary": true,
      "dependencies": ["httr", "jose", "jsonlite", "openssl", "R6", "rappdirs"],
      "vignettes": false,
      "needscompilation": false,
      "metadata": {
        "RemoteType": "standard",
        "RemotePkgRef": "AzureAuth",
        "RemoteRef": "AzureAuth",
        "RemoteRepos": "https://cran.rstudio.com",
        "RemotePkgPlatform": "i386+x86_64-w64-mingw32",
        "RemoteSha": "1.3.3"
      },
      "sources": ["https://cran.rstudio.com/bin/windows/contrib/4.5/AzureAuth_1.3.3.zip"],
      "target": "bin/windows/contrib/4.5/AzureAuth_1.3.3.zip",
      "platform": "i386+x86_64-w64-mingw32",
      "rversion": "4.5",
      "built": "R 4.5.0; ; 2024-09-24 02:05:49 UTC; windows",
      "directpkg": false,
      "license": "MIT + file LICENSE",
      "sha256": "f85703ce709b569ed11b260bf76abfb1beb37170146d5eb577456c4f46fbd294",
      "filesize": 442983,
      "dep_types": ["Depends", "Imports", "LinkingTo"],
      "params": [],
      "install_args": "",
      "repotype": "cran",
      "sysreqs": ""
    },
    {
      "ref": "AzureGraph",
      "package": "AzureGraph",
      "version": "1.3.5",
      "type": "standard",
      "direct": false,
      "binary": true,
      "dependencies": ["AzureAuth", "curl", "httr", "jsonlite", "openssl", "R6"],
      "vignettes": false,
      "needscompilation": false,
      "metadata": {
        "RemoteType": "standard",
        "RemotePkgRef": "AzureGraph",
        "RemoteRef": "AzureGraph",
        "RemoteRepos": "https://cran.rstudio.com",
        "RemotePkgPlatform": "i386+x86_64-w64-mingw32",
        "RemoteSha": "1.3.5"
      },
      "sources": ["https://cran.rstudio.com/bin/windows/contrib/4.5/AzureGraph_1.3.5.zip"],
      "target": "bin/windows/contrib/4.5/AzureGraph_1.3.5.zip",
      "platform": "i386+x86_64-w64-mingw32",
      "rversion": "4.5",
      "built": "R 4.5.1; ; 2025-08-01 23:50:56 UTC; windows",
      "directpkg": false,
      "license": "MIT + file LICENSE",
      "sha256": "10158bb29abb7de06e7e76f5c7e37627feba37bf76ebeb3db8b5b2cee20a625c",
      "filesize": 597184,
      "dep_types": ["Depends", "Imports", "LinkingTo"],
      "params": [],
      "install_args": "",
      "repotype": "cran",
      "sysreqs": ""
    },
    {
      "ref": "AzureRMR",
      "package": "AzureRMR",
      "version": "2.4.5",
      "type": "standard",
      "direct": false,
      "binary": true,
      "dependencies": ["AzureAuth", "AzureGraph", "httr", "jsonlite", "R6", "uuid"],
      "vignettes": false,
      "needscompilation": false,
      "metadata": {
        "RemoteType": "standard",
        "RemotePkgRef": "AzureRMR",
        "RemoteRef": "AzureRMR",
        "RemoteRepos": "https://cran.rstudio.com",
        "RemotePkgPlatform": "i386+x86_64-w64-mingw32",
        "RemoteSha": "2.4.5"
      },
      "sources": ["https://cran.rstudio.com/bin/windows/contrib/4.5/AzureRMR_2.4.5.zip"],
      "target": "bin/windows/contrib/4.5/AzureRMR_2.4.5.zip",
      "platform": "i386+x86_64-w64-mingw32",
      "rversion": "4.5",
      "built": "R 4.5.1; ; 2025-08-01 23:51:26 UTC; windows",
      "directpkg": false,
      "license": "MIT + file LICENSE",
      "sha256": "388c5c2b424ea65d13533563b6b8e7e27a260048acc7a3ebbe78dcbc347a0ee0",
      "filesize": 504996,
      "dep_types": ["Depends", "Imports", "LinkingTo"],
      "params": [],
      "install_args": "",
      "repotype": "cran",
      "sysreqs": ""
    },
    {
      "ref": "AzureStor",
      "package": "AzureStor",
      "version": "3.7.1",
      "type": "standard",
      "direct": false,
      "binary": true,
      "dependencies": ["AzureRMR", "httr", "mime", "openssl", "R6", "vctrs", "xml2"],
      "vignettes": false,
      "needscompilation": false,
      "metadata": {
        "RemoteType": "standard",
        "RemotePkgRef": "AzureStor",
        "RemoteRef": "AzureStor",
        "RemoteRepos": "https://cran.rstudio.com",
        "RemotePkgPlatform": "i386+x86_64-w64-mingw32",
        "RemoteSha": "3.7.1"
      },
      "sources": ["https://cran.rstudio.com/bin/windows/contrib/4.5/AzureStor_3.7.1.zip"],
      "target": "bin/windows/contrib/4.5/AzureStor_3.7.1.zip",
      "platform": "i386+x86_64-w64-mingw32",
      "rversion": "4.5",
      "built": "R 4.5.1; ; 2025-08-27 23:52:32 UTC; windows",
      "directpkg": false,
      "license": "MIT + file LICENSE",
      "sha256": "adc2e8775a22c106d57dd442e153387846617dc9c1f8f93e0e89841677877042",
      "filesize": 491915,
      "dep_types": ["Depends", "Imports", "LinkingTo"],
      "params": [],
      "install_args": "",
      "repotype": "cran",
      "sysreqs": ""
    },
    {
      "ref": "R6",
      "package": "R6",
      "version": "2.6.1",
      "type": "standard",
      "direct": false,
      "binary": true,
      "dependencies": [],
      "vignettes": false,
      "needscompilation": false,
      "metadata": {
        "RemoteType": "standard",
        "RemotePkgRef": "R6",
        "RemoteRef": "R6",
        "RemoteRepos": "https://cran.rstudio.com",
        "RemotePkgPlatform": "i386+x86_64-w64-mingw32",
        "RemoteSha": "2.6.1"
      },
      "sources": ["https://cran.rstudio.com/bin/windows/contrib/4.5/R6_2.6.1.zip"],
      "target": "bin/windows/contrib/4.5/R6_2.6.1.zip",
      "platform": "i386+x86_64-w64-mingw32",
      "rversion": "4.5",
      "built": "R 4.5.0; ; 2025-02-19 00:52:28 UTC; windows",
      "directpkg": false,
      "license": "MIT + file LICENSE",
      "sha256": "bd3a9c7746d15ef905781d0ef81686d35bf9ff4679fdb2e025d64e3796766b61",
      "filesize": 88587,
      "dep_types": ["Depends", "Imports", "LinkingTo"],
      "params": [],
      "install_args": "",
      "repotype": "cran",
      "sysreqs": ""
    },
    {
      "ref": "Rcpp",
      "package": "Rcpp",
      "version": "1.1.0",
      "type": "standard",
      "direct": false,
      "binary": true,
      "dependencies": [],
      "vignettes": false,
      "needscompilation": false,
      "metadata": {
        "RemoteType": "standard",
        "RemotePkgRef": "Rcpp",
        "RemoteRef": "Rcpp",
        "RemoteRepos": "https://cran.rstudio.com",
        "RemotePkgPlatform": "x86_64-w64-mingw32",
        "RemoteSha": "1.1.0"
      },
      "sources": ["https://cran.rstudio.com/bin/windows/contrib/4.5/Rcpp_1.1.0.zip"],
      "target": "bin/windows/contrib/4.5/Rcpp_1.1.0.zip",
      "platform": "x86_64-w64-mingw32",
      "rversion": "4.5",
      "built": "R 4.5.1; x86_64-w64-mingw32; 2025-07-03 23:51:36 UTC; windows",
      "directpkg": false,
      "license": "GPL (>= 2)",
      "sha256": "de2d34faa3bb741d9c5ae2b53525652020a2165e5aa8c0654aa3e89a3582e09e",
      "filesize": 2916510,
      "dep_types": ["Depends", "Imports", "LinkingTo"],
      "params": [],
      "install_args": "",
      "repotype": "cran",
      "sysreqs": ""
    },
    {
      "ref": "askpass",
      "package": "askpass",
      "version": "1.2.1",
      "type": "standard",
      "direct": false,
      "binary": true,
      "dependencies": ["sys"],
      "vignettes": false,
      "needscompilation": false,
      "metadata": {
        "RemoteType": "standard",
        "RemotePkgRef": "askpass",
        "RemoteRef": "askpass",
        "RemoteRepos": "https://cran.rstudio.com",
        "RemotePkgPlatform": "x86_64-w64-mingw32",
        "RemoteSha": "1.2.1"
      },
      "sources": ["https://cran.rstudio.com/bin/windows/contrib/4.5/askpass_1.2.1.zip"],
      "target": "bin/windows/contrib/4.5/askpass_1.2.1.zip",
      "platform": "x86_64-w64-mingw32",
      "rversion": "4.5",
      "built": "R 4.5.0; x86_64-w64-mingw32; 2024-10-08 23:52:14 UTC; windows",
      "directpkg": false,
      "license": "MIT + file LICENSE",
      "sha256": "9b948a0d177930731ed71fcbebedea3f648a710afdbd00956b80ec15f4552ad1",
      "filesize": 74660,
      "dep_types": ["Depends", "Imports", "LinkingTo"],
      "params": [],
      "install_args": "",
      "repotype": "cran",
      "sysreqs": ""
    },
    {
      "ref": "cli",
      "package": "cli",
      "version": "3.6.5",
      "type": "standard",
      "direct": false,
      "binary": true,
      "dependencies": [],
      "vignettes": false,
      "needscompilation": false,
      "metadata": {
        "RemoteType": "standard",
        "RemotePkgRef": "cli",
        "RemoteRef": "cli",
        "RemoteRepos": "https://cran.rstudio.com",
        "RemotePkgPlatform": "x86_64-w64-mingw32",
        "RemoteSha": "3.6.5"
      },
      "sources": ["https://cran.rstudio.com/bin/windows/contrib/4.5/cli_3.6.5.zip"],
      "target": "bin/windows/contrib/4.5/cli_3.6.5.zip",
      "platform": "x86_64-w64-mingw32",
      "rversion": "4.5",
      "built": "R 4.5.0; x86_64-w64-mingw32; 2025-04-24 23:50:51 UTC; windows",
      "directpkg": false,
      "license": "MIT + file LICENSE",
      "sha256": "48a01cf5ceec1cdad6b4f623df7b8eb2056ea99e60d5f1bf47bb7ccc3a48ea59",
      "filesize": 1396468,
      "dep_types": ["Depends", "Imports", "LinkingTo"],
      "params": [],
      "install_args": "",
      "repotype": "cran",
      "sysreqs": ""
    },
    {
      "ref": "crayon",
      "package": "crayon",
      "version": "1.5.3",
      "type": "standard",
      "direct": false,
      "binary": true,
      "dependencies": [],
      "vignettes": false,
      "needscompilation": false,
      "metadata": {
        "RemoteType": "standard",
        "RemotePkgRef": "crayon",
        "RemoteRef": "crayon",
        "RemoteRepos": "https://cran.rstudio.com",
        "RemotePkgPlatform": "i386+x86_64-w64-mingw32",
        "RemoteSha": "1.5.3"
      },
      "sources": ["https://cran.rstudio.com/bin/windows/contrib/4.5/crayon_1.5.3.zip"],
      "target": "bin/windows/contrib/4.5/crayon_1.5.3.zip",
      "platform": "i386+x86_64-w64-mingw32",
      "rversion": "4.5",
      "built": "R 4.5.0; ; 2024-09-24 00:40:06 UTC; windows",
      "directpkg": false,
      "license": "MIT + file LICENSE",
      "sha256": "5e669758a017cdfc0c69bfb563208ebe60700f0845cc9d2c2875f8601029234b",
      "filesize": 165169,
      "dep_types": ["Depends", "Imports", "LinkingTo"],
      "params": [],
      "install_args": "",
      "repotype": "cran",
      "sysreqs": ""
    },
    {
      "ref": "curl",
      "package": "curl",
      "version": "7.0.0",
      "type": "standard",
      "direct": false,
      "binary": true,
      "dependencies": [],
      "vignettes": false,
      "needscompilation": false,
      "metadata": {
        "RemoteType": "standard",
        "RemotePkgRef": "curl",
        "RemoteRef": "curl",
        "RemoteRepos": "https://cran.rstudio.com",
        "RemotePkgPlatform": "x86_64-w64-mingw32",
        "RemoteSha": "7.0.0"
      },
      "sources": ["https://cran.rstudio.com/bin/windows/contrib/4.5/curl_7.0.0.zip"],
      "target": "bin/windows/contrib/4.5/curl_7.0.0.zip",
      "platform": "x86_64-w64-mingw32",
      "rversion": "4.5",
      "built": "R 4.5.1; x86_64-w64-mingw32; 2025-08-19 23:51:43 UTC; windows",
      "directpkg": false,
      "license": "MIT + file LICENSE",
      "sha256": "70ed0a89b8bd0e5a4ab82bf1c29c09db5e1454ff1a77c22fa7917085ab35d95a",
      "filesize": 3663329,
      "dep_types": ["Depends", "Imports", "LinkingTo"],
      "params": [],
      "install_args": "",
      "repotype": "cran",
      "sysreqs": "libcurl (>= 7.73): libcurl-devel (rpm) or libcurl4-openssl-dev (deb)"
    },
    {
      "ref": "fastmap",
      "package": "fastmap",
      "version": "1.2.0",
      "type": "standard",
      "direct": false,
      "binary": true,
      "dependencies": [],
      "vignettes": false,
      "needscompilation": false,
      "metadata": {
        "RemoteType": "standard",
        "RemotePkgRef": "fastmap",
        "RemoteRef": "fastmap",
        "RemoteRepos": "https://cran.rstudio.com",
        "RemotePkgPlatform": "x86_64-w64-mingw32",
        "RemoteSha": "1.2.0"
      },
      "sources": ["https://cran.rstudio.com/bin/windows/contrib/4.5/fastmap_1.2.0.zip"],
      "target": "bin/windows/contrib/4.5/fastmap_1.2.0.zip",
      "platform": "x86_64-w64-mingw32",
      "rversion": "4.5",
      "built": "R 4.5.0; x86_64-w64-mingw32; 2024-09-24 00:40:07 UTC; windows",
      "directpkg": false,
      "license": "MIT + file LICENSE",
      "sha256": "22d1cc3b02a42a7eb9b6a7ee2e2eb56f9f37f8dfc811010d290ff456f77d54a1",
      "filesize": 135332,
      "dep_types": ["Depends", "Imports", "LinkingTo"],
      "params": [],
      "install_args": "",
      "repotype": "cran",
      "sysreqs": ""
    },
    {
      "ref": "glue",
      "package": "glue",
      "version": "1.8.0",
      "type": "standard",
      "direct": false,
      "binary": true,
      "dependencies": [],
      "vignettes": false,
      "needscompilation": false,
      "metadata": {
        "RemoteType": "standard",
        "RemotePkgRef": "glue",
        "RemoteRef": "glue",
        "RemoteRepos": "https://cran.rstudio.com",
        "RemotePkgPlatform": "x86_64-w64-mingw32",
        "RemoteSha": "1.8.0"
      },
      "sources": ["https://cran.rstudio.com/bin/windows/contrib/4.5/glue_1.8.0.zip"],
      "target": "bin/windows/contrib/4.5/glue_1.8.0.zip",
      "platform": "x86_64-w64-mingw32",
      "rversion": "4.5",
      "built": "R 4.5.0; x86_64-w64-mingw32; 2024-09-30 23:50:46 UTC; windows",
      "directpkg": false,
      "license": "MIT + file LICENSE",
      "sha256": "f57acc8cd0f41d73650a95910e5cbb120383c7dc2974b9ffb4760239e8666d0e",
      "filesize": 183692,
      "dep_types": ["Depends", "Imports", "LinkingTo"],
      "params": [],
      "install_args": "",
      "repotype": "cran",
      "sysreqs": ""
    },
    {
      "ref": "httpuv",
      "package": "httpuv",
      "version": "1.6.16",
      "type": "standard",
      "direct": false,
      "binary": true,
      "dependencies": ["later", "promises", "R6", "Rcpp"],
      "vignettes": false,
      "needscompilation": false,
      "metadata": {
        "RemoteType": "standard",
        "RemotePkgRef": "httpuv",
        "RemoteRef": "httpuv",
        "RemoteRepos": "https://cran.rstudio.com",
        "RemotePkgPlatform": "x86_64-w64-mingw32",
        "RemoteSha": "1.6.16"
      },
      "sources": ["https://cran.rstudio.com/bin/windows/contrib/4.5/httpuv_1.6.16.zip"],
      "target": "bin/windows/contrib/4.5/httpuv_1.6.16.zip",
      "platform": "x86_64-w64-mingw32",
      "rversion": "4.5",
      "built": "R 4.5.0; x86_64-w64-mingw32; 2025-04-18 23:50:57 UTC; windows",
      "directpkg": false,
      "license": "GPL (>= 2) | file LICENSE",
      "sha256": "76cd61285448f078393c60cc71272080e533865ec77654b87321b2b3e97bd7a1",
      "filesize": 1056741,
      "dep_types": ["Depends", "Imports", "LinkingTo"],
      "params": [],
      "install_args": "",
      "repotype": "cran",
      "sysreqs": "GNU make, zlib"
    },
    {
      "ref": "httr",
      "package": "httr",
      "version": "1.4.7",
      "type": "standard",
      "direct": false,
      "binary": true,
      "dependencies": ["curl", "jsonlite", "mime", "openssl", "R6"],
      "vignettes": false,
      "needscompilation": false,
      "metadata": {
        "RemoteType": "standard",
        "RemotePkgRef": "httr",
        "RemoteRef": "httr",
        "RemoteRepos": "https://cran.rstudio.com",
        "RemotePkgPlatform": "i386+x86_64-w64-mingw32",
        "RemoteSha": "1.4.7"
      },
      "sources": ["https://cran.rstudio.com/bin/windows/contrib/4.5/httr_1.4.7.zip"],
      "target": "bin/windows/contrib/4.5/httr_1.4.7.zip",
      "platform": "i386+x86_64-w64-mingw32",
      "rversion": "4.5",
      "built": "R 4.5.0; ; 2024-09-24 01:56:14 UTC; windows",
      "directpkg": false,
      "license": "MIT + file LICENSE",
      "sha256": "ea9631be97d30b8bbaf28317c8ac39fd6de334ba1d162fb12c5a294a2311b4c7",
      "filesize": 496745,
      "dep_types": ["Depends", "Imports", "LinkingTo"],
      "params": [],
      "install_args": "",
      "repotype": "cran",
      "sysreqs": ""
    },
    {
      "ref": "jose",
      "package": "jose",
      "version": "1.2.1",
      "type": "standard",
      "direct": false,
      "binary": true,
      "dependencies": ["jsonlite", "openssl"],
      "vignettes": false,
      "needscompilation": false,
      "metadata": {
        "RemoteType": "standard",
        "RemotePkgRef": "jose",
        "RemoteRef": "jose",
        "RemoteRepos": "https://cran.rstudio.com",
        "RemotePkgPlatform": "i386+x86_64-w64-mingw32",
        "RemoteSha": "1.2.1"
      },
      "sources": ["https://cran.rstudio.com/bin/windows/contrib/4.5/jose_1.2.1.zip"],
      "target": "bin/windows/contrib/4.5/jose_1.2.1.zip",
      "platform": "i386+x86_64-w64-mingw32",
      "rversion": "4.5",
      "built": "R 4.5.0; ; 2024-10-08 23:52:32 UTC; windows",
      "directpkg": false,
      "license": "MIT + file LICENSE",
      "sha256": "f55c65579e76e2af95021594089b5783475f6f2a2583dfe63283fa74ee99a42e",
      "filesize": 475863,
      "dep_types": ["Depends", "Imports", "LinkingTo"],
      "params": [],
      "install_args": "",
      "repotype": "cran",
      "sysreqs": ""
    },
    {
      "ref": "jsonlite",
      "package": "jsonlite",
      "version": "2.0.0",
      "type": "standard",
      "direct": false,
      "binary": true,
      "dependencies": [],
      "vignettes": false,
      "needscompilation": false,
      "metadata": {
        "RemoteType": "standard",
        "RemotePkgRef": "jsonlite",
        "RemoteRef": "jsonlite",
        "RemoteRepos": "https://cran.rstudio.com",
        "RemotePkgPlatform": "x86_64-w64-mingw32",
        "RemoteSha": "2.0.0"
      },
      "sources": ["https://cran.rstudio.com/bin/windows/contrib/4.5/jsonlite_2.0.0.zip"],
      "target": "bin/windows/contrib/4.5/jsonlite_2.0.0.zip",
      "platform": "x86_64-w64-mingw32",
      "rversion": "4.5",
      "built": "R 4.5.0; x86_64-w64-mingw32; 2025-03-29 00:50:55 UTC; windows",
      "directpkg": false,
      "license": "MIT + file LICENSE",
      "sha256": "b52ff91cf477a45cad483f29ab97ea00dc40af210a3089e9057349997edb465d",
      "filesize": 1110554,
      "dep_types": ["Depends", "Imports", "LinkingTo"],
      "params": [],
      "install_args": "",
      "repotype": "cran",
      "sysreqs": ""
    },
    {
      "ref": "later",
      "package": "later",
      "version": "1.4.4",
      "type": "standard",
      "direct": false,
      "binary": true,
      "dependencies": ["Rcpp", "rlang"],
      "vignettes": false,
      "needscompilation": false,
      "metadata": {
        "RemoteType": "standard",
        "RemotePkgRef": "later",
        "RemoteRef": "later",
        "RemoteRepos": "https://cran.rstudio.com",
        "RemotePkgPlatform": "x86_64-w64-mingw32",
        "RemoteSha": "1.4.4"
      },
      "sources": ["https://cran.rstudio.com/bin/windows/contrib/4.5/later_1.4.4.zip"],
      "target": "bin/windows/contrib/4.5/later_1.4.4.zip",
      "platform": "x86_64-w64-mingw32",
      "rversion": "4.5",
      "built": "R 4.5.1; x86_64-w64-mingw32; 2025-08-27 23:52:26 UTC; windows",
      "directpkg": false,
      "license": "MIT + file LICENSE",
      "sha256": "ce192440f16722cf658070f9344b6991ff5721a70c1b4d9836599edc08db29d3",
      "filesize": 479321,
      "dep_types": ["Depends", "Imports", "LinkingTo"],
      "params": [],
      "install_args": "",
      "repotype": "cran",
      "sysreqs": ""
    },
    {
      "ref": "lifecycle",
      "package": "lifecycle",
      "version": "1.0.4",
      "type": "standard",
      "direct": false,
      "binary": true,
      "dependencies": ["cli", "glue", "rlang"],
      "vignettes": false,
      "needscompilation": false,
      "metadata": {
        "RemoteType": "standard",
        "RemotePkgRef": "lifecycle",
        "RemoteRef": "lifecycle",
        "RemoteRepos": "https://cran.rstudio.com",
        "RemotePkgPlatform": "i386+x86_64-w64-mingw32",
        "RemoteSha": "1.0.4"
      },
      "sources": ["https://cran.rstudio.com/bin/windows/contrib/4.5/lifecycle_1.0.4.zip"],
      "target": "bin/windows/contrib/4.5/lifecycle_1.0.4.zip",
      "platform": "i386+x86_64-w64-mingw32",
      "rversion": "4.5",
      "built": "R 4.5.0; ; 2024-09-24 01:25:08 UTC; windows",
      "directpkg": false,
      "license": "MIT + file LICENSE",
      "sha256": "ea302b1b9699859b637186a4d95f6c6e61939a906d05fa3d47b2247f8f86acd1",
      "filesize": 141024,
      "dep_types": ["Depends", "Imports", "LinkingTo"],
      "params": [],
      "install_args": "",
      "repotype": "cran",
      "sysreqs": ""
    },
    {
      "ref": "magrittr",
      "package": "magrittr",
      "version": "2.0.4",
      "type": "standard",
      "direct": false,
      "binary": true,
      "dependencies": [],
      "vignettes": false,
      "needscompilation": false,
      "metadata": {
        "RemoteType": "standard",
        "RemotePkgRef": "magrittr",
        "RemoteRef": "magrittr",
        "RemoteRepos": "https://cran.rstudio.com",
        "RemotePkgPlatform": "x86_64-w64-mingw32",
        "RemoteSha": "2.0.4"
      },
      "sources": ["https://cran.rstudio.com/bin/windows/contrib/4.5/magrittr_2.0.4.zip"],
      "target": "bin/windows/contrib/4.5/magrittr_2.0.4.zip",
      "platform": "x86_64-w64-mingw32",
      "rversion": "4.5",
      "built": "R 4.5.1; x86_64-w64-mingw32; 2025-09-17 09:30:10 UTC; windows",
      "directpkg": false,
      "license": "MIT + file LICENSE",
      "sha256": "21b22baa8787c48c62844779f83276c38a6567d1ea3c0771ff6072b7e2439f91",
      "filesize": 229046,
      "dep_types": ["Depends", "Imports", "LinkingTo"],
      "params": [],
      "install_args": "",
      "repotype": "cran",
      "sysreqs": ""
    },
    {
      "ref": "mime",
      "package": "mime",
      "version": "0.13",
      "type": "standard",
      "direct": false,
      "binary": true,
      "dependencies": [],
      "vignettes": false,
      "needscompilation": false,
      "metadata": {
        "RemoteType": "standard",
        "RemotePkgRef": "mime",
        "RemoteRef": "mime",
        "RemoteRepos": "https://cran.rstudio.com",
        "RemotePkgPlatform": "x86_64-w64-mingw32",
        "RemoteSha": "0.13"
      },
      "sources": ["https://cran.rstudio.com/bin/windows/contrib/4.5/mime_0.13.zip"],
      "target": "bin/windows/contrib/4.5/mime_0.13.zip",
      "platform": "x86_64-w64-mingw32",
      "rversion": "4.5",
      "built": "R 4.5.0; x86_64-w64-mingw32; 2025-03-18 00:50:37 UTC; windows",
      "directpkg": false,
      "license": "GPL",
      "sha256": "3a883b1dfa151924e71ce72f30c41bfc9ef4195b20ff11d25bd3643691e10e38",
      "filesize": 52434,
      "dep_types": ["Depends", "Imports", "LinkingTo"],
      "params": [],
      "install_args": "",
      "repotype": "cran",
      "sysreqs": ""
    },
    {
      "ref": "openssl",
      "package": "openssl",
      "version": "2.3.4",
      "type": "standard",
      "direct": false,
      "binary": true,
      "dependencies": ["askpass"],
      "vignettes": false,
      "needscompilation": false,
      "metadata": {
        "RemoteType": "standard",
        "RemotePkgRef": "openssl",
        "RemoteRef": "openssl",
        "RemoteRepos": "https://cran.rstudio.com",
        "RemotePkgPlatform": "x86_64-w64-mingw32",
        "RemoteSha": "2.3.4"
      },
      "sources": ["https://cran.rstudio.com/bin/windows/contrib/4.5/openssl_2.3.4.zip"],
      "target": "bin/windows/contrib/4.5/openssl_2.3.4.zip",
      "platform": "x86_64-w64-mingw32",
      "rversion": "4.5",
      "built": "R 4.5.1; x86_64-w64-mingw32; 2025-09-30 23:51:12 UTC; windows",
      "directpkg": false,
      "license": "MIT + file LICENSE",
      "sha256": "122ca0dd9efa0366e1e2f82f38b15eb160e650873bbf138b8660a2deef7acdcf",
      "filesize": 3627082,
      "dep_types": ["Depends", "Imports", "LinkingTo"],
      "params": [],
      "install_args": "",
      "repotype": "cran",
      "sysreqs": "OpenSSL >= 1.0.2"
    },
    {
      "ref": "plumber",
      "package": "plumber",
      "version": "1.3.0",
      "type": "standard",
      "direct": false,
      "binary": true,
      "dependencies": ["crayon", "httpuv", "jsonlite", "lifecycle", "magrittr", "mime", "promises", "R6", "rlang", "sodium", "stringi", "swagger", "webutils"],
      "vignettes": false,
      "needscompilation": false,
      "metadata": {
        "RemoteType": "standard",
        "RemotePkgRef": "plumber",
        "RemoteRef": "plumber",
        "RemoteRepos": "https://cran.rstudio.com",
        "RemotePkgPlatform": "i386+x86_64-w64-mingw32",
        "RemoteSha": "1.3.0"
      },
      "sources": ["https://cran.rstudio.com/bin/windows/contrib/4.5/plumber_1.3.0.zip"],
      "target": "bin/windows/contrib/4.5/plumber_1.3.0.zip",
      "platform": "i386+x86_64-w64-mingw32",
      "rversion": "4.5",
      "built": "R 4.5.0; ; 2025-02-27 09:11:45 UTC; windows",
      "directpkg": false,
      "license": "MIT + file LICENSE",
      "sha256": "6251f5dfe4ea72178574415e7b6b2f2ac0d6aadc142206e13fd628476b4092cb",
      "filesize": 1126149,
      "dep_types": ["Depends", "Imports", "LinkingTo"],
      "params": [],
      "install_args": "",
      "repotype": "cran",
      "sysreqs": ""
    },
    {
      "ref": "promises",
      "package": "promises",
      "version": "1.3.3",
      "type": "standard",
      "direct": false,
      "binary": true,
      "dependencies": ["fastmap", "later", "magrittr", "R6", "Rcpp", "rlang"],
      "vignettes": false,
      "needscompilation": false,
      "metadata": {
        "RemoteType": "standard",
        "RemotePkgRef": "promises",
        "RemoteRef": "promises",
        "RemoteRepos": "https://cran.rstudio.com",
        "RemotePkgPlatform": "x86_64-w64-mingw32",
        "RemoteSha": "1.3.3"
      },
      "sources": ["https://cran.rstudio.com/bin/windows/contrib/4.5/promises_1.3.3.zip"],
      "target": "bin/windows/contrib/4.5/promises_1.3.3.zip",
      "platform": "x86_64-w64-mingw32",
      "rversion": "4.5",
      "built": "R 4.5.0; x86_64-w64-mingw32; 2025-05-29 23:50:43 UTC; windows",
      "directpkg": false,
      "license": "MIT + file LICENSE",
      "sha256": "089a43fd7f8d0788a37e56b05ef7727febcac2ce798ea6adbd0cf0681b5a81ed",
      "filesize": 2032924,
      "dep_types": ["Depends", "Imports", "LinkingTo"],
      "params": [],
      "install_args": "",
      "repotype": "cran",
      "sysreqs": ""
    },
    {
      "ref": "rappdirs",
      "package": "rappdirs",
      "version": "0.3.3",
      "type": "standard",
      "direct": false,
      "binary": true,
      "dependencies": [],
      "vignettes": false,
      "needscompilation": false,
      "metadata": {
        "RemoteType": "standard",
        "RemotePkgRef": "rappdirs",
        "RemoteRef": "rappdirs",
        "RemoteRepos": "https://cran.rstudio.com",
        "RemotePkgPlatform": "x86_64-w64-mingw32",
        "RemoteSha": "0.3.3"
      },
      "sources": ["https://cran.rstudio.com/bin/windows/contrib/4.5/rappdirs_0.3.3.zip"],
      "target": "bin/windows/contrib/4.5/rappdirs_0.3.3.zip",
      "platform": "x86_64-w64-mingw32",
      "rversion": "4.5",
      "built": "R 4.5.0; x86_64-w64-mingw32; 2024-09-24 00:40:07 UTC; windows",
      "directpkg": false,
      "license": "MIT + file LICENSE",
      "sha256": "dcc6d90f0cd71375c549163643251d3f07791d9ac772461c5bb5af1d5f732a45",
      "filesize": 52597,
      "dep_types": ["Depends", "Imports", "LinkingTo"],
      "params": [],
      "install_args": "",
      "repotype": "cran",
      "sysreqs": ""
    },
    {
      "ref": "rlang",
      "package": "rlang",
      "version": "1.1.6",
      "type": "standard",
      "direct": false,
      "binary": true,
      "dependencies": [],
      "vignettes": false,
      "needscompilation": false,
      "metadata": {
        "RemoteType": "standard",
        "RemotePkgRef": "rlang",
        "RemoteRef": "rlang",
        "RemoteRepos": "https://cran.rstudio.com",
        "RemotePkgPlatform": "x86_64-w64-mingw32",
        "RemoteSha": "1.1.6"
      },
      "sources": ["https://cran.rstudio.com/bin/windows/contrib/4.5/rlang_1.1.6.zip"],
      "target": "bin/windows/contrib/4.5/rlang_1.1.6.zip",
      "platform": "x86_64-w64-mingw32",
      "rversion": "4.5",
      "built": "R 4.5.0; x86_64-w64-mingw32; 2025-04-13 23:51:15 UTC; windows",
      "directpkg": false,
      "license": "MIT + file LICENSE",
      "sha256": "ac4447ab0604100716623a42fc02b3db151c300226747ac0b7faafa8878050b8",
      "filesize": 1626752,
      "dep_types": ["Depends", "Imports", "LinkingTo"],
      "params": [],
      "install_args": "",
      "repotype": "cran",
      "sysreqs": ""
    },
    {
      "ref": "sodium",
      "package": "sodium",
      "version": "1.4.0",
      "type": "standard",
      "direct": false,
      "binary": true,
      "dependencies": [],
      "vignettes": false,
      "needscompilation": false,
      "metadata": {
        "RemoteType": "standard",
        "RemotePkgRef": "sodium",
        "RemoteRef": "sodium",
        "RemoteRepos": "https://cran.rstudio.com",
        "RemotePkgPlatform": "x86_64-w64-mingw32",
        "RemoteSha": "1.4.0"
      },
      "sources": ["https://cran.rstudio.com/bin/windows/contrib/4.5/sodium_1.4.0.zip"],
      "target": "bin/windows/contrib/4.5/sodium_1.4.0.zip",
      "platform": "x86_64-w64-mingw32",
      "rversion": "4.5",
      "built": "R 4.5.0; x86_64-w64-mingw32; 2024-12-18 00:55:09 UTC; windows",
      "directpkg": false,
      "license": "MIT + file LICENSE",
      "sha256": "d7dcc6126e6910159d1724c6f38604886bab14bec51e42cffb8ef2a6252272e8",
      "filesize": 660373,
      "dep_types": ["Depends", "Imports", "LinkingTo"],
      "params": [],
      "install_args": "",
      "repotype": "cran",
      "sysreqs": "libsodium (>= 1.0.3)"
    },
    {
      "ref": "stringi",
      "package": "stringi",
      "version": "1.8.7",
      "type": "standard",
      "direct": false,
      "binary": true,
      "dependencies": [],
      "vignettes": false,
      "needscompilation": false,
      "metadata": {
        "RemoteType": "standard",
        "RemotePkgRef": "stringi",
        "RemoteRef": "stringi",
        "RemoteRepos": "https://cran.rstudio.com",
        "RemotePkgPlatform": "x86_64-w64-mingw32",
        "RemoteSha": "1.8.7"
      },
      "sources": ["https://cran.rstudio.com/bin/windows/contrib/4.5/stringi_1.8.7.zip"],
      "target": "bin/windows/contrib/4.5/stringi_1.8.7.zip",
      "platform": "x86_64-w64-mingw32",
      "rversion": "4.5",
      "built": "R 4.5.0; x86_64-w64-mingw32; 2025-03-29 00:51:07 UTC; windows",
      "directpkg": false,
      "license": "file LICENSE",
      "sha256": "c40abf7bd01909f0d19793181beff2dabf4abf627b29ccea818e5f54bd2e3bab",
      "filesize": 15008903,
      "dep_types": ["Depends", "Imports", "LinkingTo"],
      "params": [],
      "install_args": "",
      "repotype": "cran",
      "sysreqs": "ICU4C (>= 61, optional)"
    },
    {
      "ref": "swagger",
      "package": "swagger",
      "version": "5.17.14.1",
      "type": "standard",
      "direct": false,
      "binary": true,
      "dependencies": [],
      "vignettes": false,
      "needscompilation": false,
      "metadata": {
        "RemoteType": "standard",
        "RemotePkgRef": "swagger",
        "RemoteRef": "swagger",
        "RemoteRepos": "https://cran.rstudio.com",
        "RemotePkgPlatform": "i386+x86_64-w64-mingw32",
        "RemoteSha": "5.17.14.1"
      },
      "sources": ["https://cran.rstudio.com/bin/windows/contrib/4.5/swagger_5.17.14.1.zip"],
      "target": "bin/windows/contrib/4.5/swagger_5.17.14.1.zip",
      "platform": "i386+x86_64-w64-mingw32",
      "rversion": "4.5",
      "built": "R 4.5.0; ; 2024-09-24 00:49:31 UTC; windows",
      "directpkg": false,
      "license": "Apache License 2.0 | file LICENSE",
      "sha256": "b4b1a01b7a7c714554e02c62854adfb8c3a8a32c982ec184caa225e766e802b3",
      "filesize": 1957451,
      "dep_types": ["Depends", "Imports", "LinkingTo"],
      "params": [],
      "install_args": "",
      "repotype": "cran",
      "sysreqs": ""
    },
    {
      "ref": "sys",
      "package": "sys",
      "version": "3.4.3",
      "type": "standard",
      "direct": false,
      "binary": true,
      "dependencies": [],
      "vignettes": false,
      "needscompilation": false,
      "metadata": {
        "RemoteType": "standard",
        "RemotePkgRef": "sys",
        "RemoteRef": "sys",
        "RemoteRepos": "https://cran.rstudio.com",
        "RemotePkgPlatform": "x86_64-w64-mingw32",
        "RemoteSha": "3.4.3"
      },
      "sources": ["https://cran.rstudio.com/bin/windows/contrib/4.5/sys_3.4.3.zip"],
      "target": "bin/windows/contrib/4.5/sys_3.4.3.zip",
      "platform": "x86_64-w64-mingw32",
      "rversion": "4.5",
      "built": "R 4.5.0; x86_64-w64-mingw32; 2024-10-08 23:51:22 UTC; windows",
      "directpkg": false,
      "license": "MIT + file LICENSE",
      "sha256": "7f38e09c914bc747d1b34c35612f8bde1a3a0698ca009de7d533bf8ba1e54091",
      "filesize": 47789,
      "dep_types": ["Depends", "Imports", "LinkingTo"],
      "params": [],
      "install_args": "",
      "repotype": "cran",
      "sysreqs": ""
    },
    {
      "ref": "uuid",
      "package": "uuid",
      "version": "1.2-1",
      "type": "standard",
      "direct": false,
      "binary": true,
      "dependencies": [],
      "vignettes": false,
      "needscompilation": false,
      "metadata": {
        "RemoteType": "standard",
        "RemotePkgRef": "uuid",
        "RemoteRef": "uuid",
        "RemoteRepos": "https://cran.rstudio.com",
        "RemotePkgPlatform": "x86_64-w64-mingw32",
        "RemoteSha": "1.2-1"
      },
      "sources": ["https://cran.rstudio.com/bin/windows/contrib/4.5/uuid_1.2-1.zip"],
      "target": "bin/windows/contrib/4.5/uuid_1.2-1.zip",
      "platform": "x86_64-w64-mingw32",
      "rversion": "4.5",
      "built": "R 4.5.0; x86_64-w64-mingw32; 2024-09-20 00:41:56 UTC; windows",
      "directpkg": false,
      "license": "MIT + file LICENSE",
      "sha256": "35525c625b6bdea8384f46d437fc7fcc18245b1feb82ef341e2e237ef18e3ed3",
      "filesize": 53106,
      "dep_types": ["Depends", "Imports", "LinkingTo"],
      "params": [],
      "install_args": "",
      "repotype": "cran",
      "sysreqs": ""
    },
    {
      "ref": "vctrs",
      "package": "vctrs",
      "version": "0.6.5",
      "type": "standard",
      "direct": false,
      "binary": true,
      "dependencies": ["cli", "glue", "lifecycle", "rlang"],
      "vignettes": false,
      "needscompilation": false,
      "metadata": {
        "RemoteType": "standard",
        "RemotePkgRef": "vctrs",
        "RemoteRef": "vctrs",
        "RemoteRepos": "https://cran.rstudio.com",
        "RemotePkgPlatform": "x86_64-w64-mingw32",
        "RemoteSha": "0.6.5"
      },
      "sources": ["https://cran.rstudio.com/bin/windows/contrib/4.5/vctrs_0.6.5.zip"],
      "target": "bin/windows/contrib/4.5/vctrs_0.6.5.zip",
      "platform": "x86_64-w64-mingw32",
      "rversion": "4.5",
      "built": "R 4.5.0; x86_64-w64-mingw32; 2024-09-24 01:40:59 UTC; windows",
      "directpkg": false,
      "license": "MIT + file LICENSE",
      "sha256": "918b6496949ce6cde889a33415e069c7e6751a986a285c10d00c59b9a250e9b3",
      "filesize": 1359431,
      "dep_types": ["Depends", "Imports", "LinkingTo"],
      "params": [],
      "install_args": "",
      "repotype": "cran",
      "sysreqs": ""
    },
    {
      "ref": "webutils",
      "package": "webutils",
      "version": "1.2.2",
      "type": "standard",
      "direct": false,
      "binary": true,
      "dependencies": ["curl", "jsonlite"],
      "vignettes": false,
      "needscompilation": false,
      "metadata": {
        "RemoteType": "standard",
        "RemotePkgRef": "webutils",
        "RemoteRef": "webutils",
        "RemoteRepos": "https://cran.rstudio.com",
        "RemotePkgPlatform": "x86_64-w64-mingw32",
        "RemoteSha": "1.2.2"
      },
      "sources": ["https://cran.rstudio.com/bin/windows/contrib/4.5/webutils_1.2.2.zip"],
      "target": "bin/windows/contrib/4.5/webutils_1.2.2.zip",
      "platform": "x86_64-w64-mingw32",
      "rversion": "4.5",
      "built": "R 4.5.0; x86_64-w64-mingw32; 2024-10-08 23:51:53 UTC; windows",
      "directpkg": false,
      "license": "MIT + file LICENSE",
      "sha256": "1d1171f232ee3ffadcadf046de550d224fed7b137d2ad35ae36be92fb883d20e",
      "filesize": 41381,
      "dep_types": ["Depends", "Imports", "LinkingTo"],
      "params": [],
      "install_args": "",
      "repotype": "cran",
      "sysreqs": ""
    },
    {
      "ref": "xml2",
      "package": "xml2",
      "version": "1.4.0",
      "type": "standard",
      "direct": false,
      "binary": true,
      "dependencies": ["cli", "rlang"],
      "vignettes": false,
      "needscompilation": false,
      "metadata": {
        "RemoteType": "standard",
        "RemotePkgRef": "xml2",
        "RemoteRef": "xml2",
        "RemoteRepos": "https://cran.rstudio.com",
        "RemotePkgPlatform": "x86_64-w64-mingw32",
        "RemoteSha": "1.4.0"
      },
      "sources": ["https://cran.rstudio.com/bin/windows/contrib/4.5/xml2_1.4.0.zip"],
      "target": "bin/windows/contrib/4.5/xml2_1.4.0.zip",
      "platform": "x86_64-w64-mingw32",
      "rversion": "4.5",
      "built": "R 4.5.1; x86_64-w64-mingw32; 2025-08-21 23:51:40 UTC; windows",
      "directpkg": false,
      "license": "MIT + file LICENSE",
      "sha256": "c5733bdff92e4fc8cf31c3be1da7b104703141dbb5a7bb21942e3948a445c142",
      "filesize": 1619661,
      "dep_types": ["Depends", "Imports", "LinkingTo"],
      "params": [],
      "install_args": "",
      "repotype": "cran",
      "sysreqs": "libxml2: libxml2-dev (deb), libxml2-devel (rpm)"
    }
  ]
}
